
Microsoft Visual Studio Solution File, Format Version 12.00
# Visual Studio Version 16
VisualStudioVersion = 16.0.30011.22
MinimumVisualStudioVersion = 10.0.40219.1
Project("{9A19103F-16F7-4668-BE54-9A1E7A4F7556}") = "ProgressDialog", "ProgressDialog\ProgressDialog.csproj", "{E59C4087-C719-4735-B843-E3342E639F74}"
EndProject
Project("{9A19103F-16F7-4668-BE54-9A1E7A4F7556}") = "ProgressDialogExample", "ProgressDialogExample\ProgressDialogExample.csproj", "{773612F0-1184-4D3A-8021-F00023609A6D}"
EndProject
Project("{9A19103F-16F7-4668-BE54-9A1E7A4F7556}") = "ProgressDialogStatus", "ProgressDialogStatus\ProgressDialogStatus.csproj", "{CDC84C54-798A-405A-836E-B0C35FD342BF}"
EndProject
Global
	GlobalSection(SolutionConfigurationPlatforms) = preSolution
		Debug|Any CPU = Debug|Any CPU
		Release|Any CPU = Release|Any CPU
	EndGlobalSection
	GlobalSection(ProjectConfigurationPlatforms) = postSolution
		{E59C4087-C719-4735-B843-E3342E639F74}.Debug|Any CPU.ActiveCfg = Debug|Any CPU
		{E59C4087-C719-4735-B843-E3342E639F74}.Debug|Any CPU.Build.0 = Debug|Any CPU
		{E59C4087-C719-4735-B843-E3342E639F74}.Release|Any CPU.ActiveCfg = Release|Any CPU
		{E59C4087-C719-4735-B843-E3342E639F74}.Release|Any CPU.Build.0 = Release|Any CPU
		{773612F0-1184-4D3A-8021-F00023609A6D}.Debug|Any CPU.ActiveCfg = Debug|Any CPU
		{773612F0-1184-4D3A-8021-F00023609A6D}.Debug|Any CPU.Build.0 = Debug|Any CPU
		{773612F0-1184-4D3A-8021-F00023609A6D}.Release|Any CPU.ActiveCfg = Release|Any CPU
		{773612F0-1184-4D3A-8021-F00023609A6D}.Release|Any CPU.Build.0 = Release|Any CPU
		{CDC84C54-798A-405A-836E-B0C35FD342BF}.Debug|Any CPU.ActiveCfg = Debug|Any CPU
		{CDC84C54-798A-405A-836E-B0C35FD342BF}.Debug|Any CPU.Build.0 = Debug|Any CPU
		{CDC84C54-798A-405A-836E-B0C35FD342BF}.Release|Any CPU.ActiveCfg = Release|Any CPU
		{CDC84C54-798A-405A-836E-B0C35FD342BF}.Release|Any CPU.Build.0 = Release|Any CPU
	EndGlobalSection
	GlobalSection(SolutionProperties) = preSolution
		HideSolutionNode = FALSE
	EndGlobalSection
	GlobalSection(ExtensibilityGlobals) = postSolution
		SolutionGuid = {DC853A72-802D-4E98-B964-C02D3556D60C}
	EndGlobalSection
EndGlobal
